
Microsoft Visual Studio Solution File, Format Version 12.00
# Visual Studio Version 17
VisualStudioVersion = 17.13.35919.96
MinimumVisualStudioVersion = 10.0.40219.1
Project("{FAE04EC0-301F-11D3-BF4B-00C04F79EFBC}") = "SimpleWpf", "SimpleWpf\SimpleWpf.csproj", "{E7205856-80A6-4ACA-87A1-CDD05708CDFC}"
EndProject
Project("{FAE04EC0-301F-11D3-BF4B-00C04F79EFBC}") = "SimpleWpf.IocFramework", "SimpleWpf.IocFramework\SimpleWpf.IocFramework.csproj", "{7A275D2D-D8DC-44C3-A462-F1E775361FD9}"
EndProject
Project("{FAE04EC0-301F-11D3-BF4B-00C04F79EFBC}") = "SimpleWpf.UI", "SimpleWpf.UI\SimpleWpf.UI.csproj", "{838F0BD0-4DCA-4DE8-B6F6-1C8DDD4B107B}"
EndProject
Project("{FAE04EC0-301F-11D3-BF4B-00C04F79EFBC}") = "SimpleWpf.UnitTest", "SimpleWpf.UnitTest\SimpleWpf.UnitTest.csproj", "{32118E45-F78B-40D3-9DCC-FDF72FAA16BB}"
EndProject
Global
	GlobalSection(SolutionConfigurationPlatforms) = preSolution
		Debug|Any CPU = Debug|Any CPU
		Debug|x64 = Debug|x64
		Debug|x86 = Debug|x86
		Release|Any CPU = Release|Any CPU
		Release|x64 = Release|x64
		Release|x86 = Release|x86
	EndGlobalSection
	GlobalSection(ProjectConfigurationPlatforms) = postSolution
		{E7205856-80A6-4ACA-87A1-CDD05708CDFC}.Debug|Any CPU.ActiveCfg = Debug|Any CPU
		{E7205856-80A6-4ACA-87A1-CDD05708CDFC}.Debug|Any CPU.Build.0 = Debug|Any CPU
		{E7205856-80A6-4ACA-87A1-CDD05708CDFC}.Debug|x64.ActiveCfg = Debug|Any CPU
		{E7205856-80A6-4ACA-87A1-CDD05708CDFC}.Debug|x64.Build.0 = Debug|Any CPU
		{E7205856-80A6-4ACA-87A1-CDD05708CDFC}.Debug|x86.ActiveCfg = Debug|Any CPU
		{E7205856-80A6-4ACA-87A1-CDD05708CDFC}.Debug|x86.Build.0 = Debug|Any CPU
		{E7205856-80A6-4ACA-87A1-CDD05708CDFC}.Release|Any CPU.ActiveCfg = Release|Any CPU
		{E7205856-80A6-4ACA-87A1-CDD05708CDFC}.Release|Any CPU.Build.0 = Release|Any CPU
		{E7205856-80A6-4ACA-87A1-CDD05708CDFC}.Release|x64.ActiveCfg = Release|Any CPU
		{E7205856-80A6-4ACA-87A1-CDD05708CDFC}.Release|x64.Build.0 = Release|Any CPU
		{E7205856-80A6-4ACA-87A1-CDD05708CDFC}.Release|x86.ActiveCfg = Release|Any CPU
		{E7205856-80A6-4ACA-87A1-CDD05708CDFC}.Release|x86.Build.0 = Release|Any CPU
		{7A275D2D-D8DC-44C3-A462-F1E775361FD9}.Debug|Any CPU.ActiveCfg = Debug|Any CPU
		{7A275D2D-D8DC-44C3-A462-F1E775361FD9}.Debug|Any CPU.Build.0 = Debug|Any CPU
		{7A275D2D-D8DC-44C3-A462-F1E775361FD9}.Debug|x64.ActiveCfg = Debug|Any CPU
		{7A275D2D-D8DC-44C3-A462-F1E775361FD9}.Debug|x64.Build.0 = Debug|Any CPU
		{7A275D2D-D8DC-44C3-A462-F1E775361FD9}.Debug|x86.ActiveCfg = Debug|Any CPU
		{7A275D2D-D8DC-44C3-A462-F1E775361FD9}.Debug|x86.Build.0 = Debug|Any CPU
		{7A275D2D-D8DC-44C3-A462-F1E775361FD9}.Release|Any CPU.ActiveCfg = Release|Any CPU
		{7A275D2D-D8DC-44C3-A462-F1E775361FD9}.Release|Any CPU.Build.0 = Release|Any CPU
		{7A275D2D-D8DC-44C3-A462-F1E775361FD9}.Release|x64.ActiveCfg = Release|Any CPU
		{7A275D2D-D8DC-44C3-A462-F1E775361FD9}.Release|x64.Build.0 = Release|Any CPU
		{7A275D2D-D8DC-44C3-A462-F1E775361FD9}.Release|x86.ActiveCfg = Release|Any CPU
		{7A275D2D-D8DC-44C3-A462-F1E775361FD9}.Release|x86.Build.0 = Release|Any CPU
		{838F0BD0-4DCA-4DE8-B6F6-1C8DDD4B107B}.Debug|Any CPU.ActiveCfg = Debug|Any CPU
		{838F0BD0-4DCA-4DE8-B6F6-1C8DDD4B107B}.Debug|Any CPU.Build.0 = Debug|Any CPU
		{838F0BD0-4DCA-4DE8-B6F6-1C8DDD4B107B}.Debug|x64.ActiveCfg = Debug|Any CPU
		{838F0BD0-4DCA-4DE8-B6F6-1C8DDD4B107B}.Debug|x64.Build.0 = Debug|Any CPU
		{838F0BD0-4DCA-4DE8-B6F6-1C8DDD4B107B}.Debug|x86.ActiveCfg = Debug|Any CPU
		{838F0BD0-4DCA-4DE8-B6F6-1C8DDD4B107B}.Debug|x86.Build.0 = Debug|Any CPU
		{838F0BD0-4DCA-4DE8-B6F6-1C8DDD4B107B}.Release|Any CPU.ActiveCfg = Release|Any CPU
		{838F0BD0-4DCA-4DE8-B6F6-1C8DDD4B107B}.Release|Any CPU.Build.0 = Release|Any CPU
		{838F0BD0-4DCA-4DE8-B6F6-1C8DDD4B107B}.Release|x64.ActiveCfg = Release|Any CPU
		{838F0BD0-4DCA-4DE8-B6F6-1C8DDD4B107B}.Release|x64.Build.0 = Release|Any CPU
		{838F0BD0-4DCA-4DE8-B6F6-1C8DDD4B107B}.Release|x86.ActiveCfg = Release|Any CPU
		{838F0BD0-4DCA-4DE8-B6F6-1C8DDD4B107B}.Release|x86.Build.0 = Release|Any CPU
		{32118E45-F78B-40D3-9DCC-FDF72FAA16BB}.Debug|Any CPU.ActiveCfg = Debug|Any CPU
		{32118E45-F78B-40D3-9DCC-FDF72FAA16BB}.Debug|Any CPU.Build.0 = Debug|Any CPU
		{32118E45-F78B-40D3-9DCC-FDF72FAA16BB}.Debug|x64.ActiveCfg = Debug|Any CPU
		{32118E45-F78B-40D3-9DCC-FDF72FAA16BB}.Debug|x64.Build.0 = Debug|Any CPU
		{32118E45-F78B-40D3-9DCC-FDF72FAA16BB}.Debug|x86.ActiveCfg = Debug|Any CPU
		{32118E45-F78B-40D3-9DCC-FDF72FAA16BB}.Debug|x86.Build.0 = Debug|Any CPU
		{32118E45-F78B-40D3-9DCC-FDF72FAA16BB}.Release|Any CPU.ActiveCfg = Release|Any CPU
		{32118E45-F78B-40D3-9DCC-FDF72FAA16BB}.Release|Any CPU.Build.0 = Release|Any CPU
		{32118E45-F78B-40D3-9DCC-FDF72FAA16BB}.Release|x64.ActiveCfg = Release|Any CPU
		{32118E45-F78B-40D3-9DCC-FDF72FAA16BB}.Release|x64.Build.0 = Release|Any CPU
		{32118E45-F78B-40D3-9DCC-FDF72FAA16BB}.Release|x86.ActiveCfg = Release|Any CPU
		{32118E45-F78B-40D3-9DCC-FDF72FAA16BB}.Release|x86.Build.0 = Release|Any CPU
	EndGlobalSection
	GlobalSection(SolutionProperties) = preSolution
		HideSolutionNode = FALSE
	EndGlobalSection
	GlobalSection(ExtensibilityGlobals) = postSolution
		SolutionGuid = {8A6DAA01-181B-4620-829C-DFBC57FA8584}
	EndGlobalSection
EndGlobal
